// !$*UTF8*$!
{
	archiveVersion = 1;
	classes = {
	};
	objectVersion = 52;
	objects = {

/* Begin PBXBuildFile section */
		8A0BC60C22C2572900314DB7 /* AnimeDetailOverlayText.swift in Sources */ = {isa = PBXBuildFile; fileRef = 8A0BC60B22C2572900314DB7 /* AnimeDetailOverlayText.swift */; };
		8A0BC61022C258EA00314DB7 /* SenpaiHeaderView.swift in Sources */ = {isa = PBXBuildFile; fileRef = 8A0BC60F22C258EA00314DB7 /* SenpaiHeaderView.swift */; };
		8A0BC61222C25A0B00314DB7 /* AnimeDetailEpisodeGuideView.swift in Sources */ = {isa = PBXBuildFile; fileRef = 8A0BC61122C25A0B00314DB7 /* AnimeDetailEpisodeGuideView.swift */; };
		8A0BC61422C25D8F00314DB7 /* AnimeDetailDescriptionView.swift in Sources */ = {isa = PBXBuildFile; fileRef = 8A0BC61322C25D8F00314DB7 /* AnimeDetailDescriptionView.swift */; };
		8A1EC55A22CC5F35007F9E3F /* Apollo.framework in Frameworks */ = {isa = PBXBuildFile; fileRef = 8A1EC54722CC5AC3007F9E3F /* Apollo.framework */; };
		8A1EC57622CDB457007F9E3F /* schema.json in Resources */ = {isa = PBXBuildFile; fileRef = 8A1EC57522CDB457007F9E3F /* schema.json */; };
		8A1EC57822CDB49A007F9E3F /* API.swift in Sources */ = {isa = PBXBuildFile; fileRef = 8A1EC57722CDB49A007F9E3F /* API.swift */; };
		8A1EC57A22CDB4B7007F9E3F /* FetchAnimeDetail.graphql in Resources */ = {isa = PBXBuildFile; fileRef = 8A1EC57922CDB4B7007F9E3F /* FetchAnimeDetail.graphql */; };
		8A28E06522C2EB4400068E1A /* Kanit-SemiBold.ttf in Resources */ = {isa = PBXBuildFile; fileRef = 8A28E05C22C2EB4400068E1A /* Kanit-SemiBold.ttf */; };
		8A28E06622C2EB4400068E1A /* Kanit-Thin.ttf in Resources */ = {isa = PBXBuildFile; fileRef = 8A28E05D22C2EB4400068E1A /* Kanit-Thin.ttf */; };
		8A28E06722C2EB4400068E1A /* Kanit-Black.ttf in Resources */ = {isa = PBXBuildFile; fileRef = 8A28E05E22C2EB4400068E1A /* Kanit-Black.ttf */; };
		8A28E06822C2EB4400068E1A /* Kanit-ExtraBold.ttf in Resources */ = {isa = PBXBuildFile; fileRef = 8A28E05F22C2EB4400068E1A /* Kanit-ExtraBold.ttf */; };
		8A28E06922C2EB4400068E1A /* Kanit-ExtraLight.ttf in Resources */ = {isa = PBXBuildFile; fileRef = 8A28E06022C2EB4400068E1A /* Kanit-ExtraLight.ttf */; };
		8A28E06A22C2EB4400068E1A /* Kanit-Light.ttf in Resources */ = {isa = PBXBuildFile; fileRef = 8A28E06122C2EB4400068E1A /* Kanit-Light.ttf */; };
		8A28E06B22C2EB4400068E1A /* Kanit-Bold.ttf in Resources */ = {isa = PBXBuildFile; fileRef = 8A28E06222C2EB4400068E1A /* Kanit-Bold.ttf */; };
		8A28E06C22C2EB4400068E1A /* Kanit-Regular.ttf in Resources */ = {isa = PBXBuildFile; fileRef = 8A28E06322C2EB4400068E1A /* Kanit-Regular.ttf */; };
		8A28E06D22C2EB4400068E1A /* Kanit-Medium.ttf in Resources */ = {isa = PBXBuildFile; fileRef = 8A28E06422C2EB4400068E1A /* Kanit-Medium.ttf */; };
		8A28E06F22C2F62D00068E1A /* AnimeDetailRelatedView.swift in Sources */ = {isa = PBXBuildFile; fileRef = 8A28E06E22C2F62D00068E1A /* AnimeDetailRelatedView.swift */; };
		8A28E07222C30C9300068E1A /* Quick in Frameworks */ = {isa = PBXBuildFile; productRef = 8A28E07122C30C9300068E1A /* Quick */; };
		8A28E07522C30CD200068E1A /* SenpaiColorSpec.swift in Sources */ = {isa = PBXBuildFile; fileRef = 8A28E07422C30CD200068E1A /* SenpaiColorSpec.swift */; };
		8A28E07822C30DEF00068E1A /* Nimble in Frameworks */ = {isa = PBXBuildFile; productRef = 8A28E07722C30DEF00068E1A /* Nimble */; };
		8A40E54D22C1CE6700456AD1 /* AppDelegate.swift in Sources */ = {isa = PBXBuildFile; fileRef = 8A40E54C22C1CE6700456AD1 /* AppDelegate.swift */; };
		8A40E54F22C1CE6700456AD1 /* SceneDelegate.swift in Sources */ = {isa = PBXBuildFile; fileRef = 8A40E54E22C1CE6700456AD1 /* SceneDelegate.swift */; };
		8A40E55122C1CE6700456AD1 /* ContentView.swift in Sources */ = {isa = PBXBuildFile; fileRef = 8A40E55022C1CE6700456AD1 /* ContentView.swift */; };
		8A40E55322C1CE6900456AD1 /* Assets.xcassets in Resources */ = {isa = PBXBuildFile; fileRef = 8A40E55222C1CE6900456AD1 /* Assets.xcassets */; };
		8A40E55622C1CE6900456AD1 /* Preview Assets.xcassets in Resources */ = {isa = PBXBuildFile; fileRef = 8A40E55522C1CE6900456AD1 /* Preview Assets.xcassets */; };
		8A40E55922C1CE6900456AD1 /* LaunchScreen.storyboard in Resources */ = {isa = PBXBuildFile; fileRef = 8A40E55722C1CE6900456AD1 /* LaunchScreen.storyboard */; };
		8A40E57E22C1CEAD00456AD1 /* SenpaiColor.swift in Sources */ = {isa = PBXBuildFile; fileRef = 8A40E57D22C1CEAD00456AD1 /* SenpaiColor.swift */; };
		8A40E58122C1CEE300456AD1 /* SenpaiFont.swift in Sources */ = {isa = PBXBuildFile; fileRef = 8A40E58022C1CEE300456AD1 /* SenpaiFont.swift */; };
		8A40E58822C2535500456AD1 /* AnimeDetailView.swift in Sources */ = {isa = PBXBuildFile; fileRef = 8A40E58722C2535500456AD1 /* AnimeDetailView.swift */; };
		8A40E58A22C2568500456AD1 /* AnimeDetailBannerView.swift in Sources */ = {isa = PBXBuildFile; fileRef = 8A40E58922C2568500456AD1 /* AnimeDetailBannerView.swift */; };
		8FE745DB22CE6E13009BB9FD /* AnimeDetailViewModel.swift in Sources */ = {isa = PBXBuildFile; fileRef = 8FE745DA22CE6E13009BB9FD /* AnimeDetailViewModel.swift */; };
/* End PBXBuildFile section */

/* Begin PBXContainerItemProxy section */
		8A1EC54622CC5AC3007F9E3F /* PBXContainerItemProxy */ = {
			isa = PBXContainerItemProxy;
			containerPortal = 8A1EC53B22CC5AC3007F9E3F /* Apollo.xcodeproj */;
			proxyType = 2;
			remoteGlobalIDString = 9FC750441D2A532C00458D91;
			remoteInfo = Apollo;
		};
		8A1EC54822CC5AC3007F9E3F /* PBXContainerItemProxy */ = {
			isa = PBXContainerItemProxy;
			containerPortal = 8A1EC53B22CC5AC3007F9E3F /* Apollo.xcodeproj */;
			proxyType = 2;
			remoteGlobalIDString = 9FC7504E1D2A532D00458D91;
			remoteInfo = ApolloTests;
		};
		8A1EC54A22CC5AC3007F9E3F /* PBXContainerItemProxy */ = {
			isa = PBXContainerItemProxy;
			containerPortal = 8A1EC53B22CC5AC3007F9E3F /* Apollo.xcodeproj */;
			proxyType = 2;
			remoteGlobalIDString = 9FA6ABBC1EC0A988000017BE;
			remoteInfo = ApolloCacheDependentTests;
		};
		8A1EC54C22CC5AC3007F9E3F /* PBXContainerItemProxy */ = {
			isa = PBXContainerItemProxy;
			containerPortal = 8A1EC53B22CC5AC3007F9E3F /* Apollo.xcodeproj */;
			proxyType = 2;
			remoteGlobalIDString = 9FC631331E6AE2080062707E;
			remoteInfo = ApolloPerformanceTests;
		};
		8A1EC54E22CC5AC3007F9E3F /* PBXContainerItemProxy */ = {
			isa = PBXContainerItemProxy;
			containerPortal = 8A1EC53B22CC5AC3007F9E3F /* Apollo.xcodeproj */;
			proxyType = 2;
			remoteGlobalIDString = 9FCE2CFA1E6C213D00E34457;
			remoteInfo = StarWarsAPI;
		};
		8A1EC55022CC5AC3007F9E3F /* PBXContainerItemProxy */ = {
			isa = PBXContainerItemProxy;
			containerPortal = 8A1EC53B22CC5AC3007F9E3F /* Apollo.xcodeproj */;
			proxyType = 2;
			remoteGlobalIDString = 9FACA9C61F42E67200AE2DBD;
			remoteInfo = GitHubAPI;
		};
		8A1EC55222CC5AC3007F9E3F /* PBXContainerItemProxy */ = {
			isa = PBXContainerItemProxy;
			containerPortal = 8A1EC53B22CC5AC3007F9E3F /* Apollo.xcodeproj */;
			proxyType = 2;
			remoteGlobalIDString = 9FD637E11E6ACF88001EDBC8;
			remoteInfo = "TestHost iOS";
		};
		8A1EC55422CC5AC3007F9E3F /* PBXContainerItemProxy */ = {
			isa = PBXContainerItemProxy;
			containerPortal = 8A1EC53B22CC5AC3007F9E3F /* Apollo.xcodeproj */;
			proxyType = 2;
			remoteGlobalIDString = 9F8A95781EC0FC1200304A2D;
			remoteInfo = ApolloTestSupport;
		};
		8A1EC55622CC5AE4007F9E3F /* PBXContainerItemProxy */ = {
			isa = PBXContainerItemProxy;
			containerPortal = 8A1EC53B22CC5AC3007F9E3F /* Apollo.xcodeproj */;
			proxyType = 1;
			remoteGlobalIDString = 9FC750431D2A532C00458D91;
			remoteInfo = Apollo;
		};
		8A40E56022C1CE6900456AD1 /* PBXContainerItemProxy */ = {
			isa = PBXContainerItemProxy;
			containerPortal = 8A40E54122C1CE6700456AD1 /* Project object */;
			proxyType = 1;
			remoteGlobalIDString = 8A40E54822C1CE6700456AD1;
			remoteInfo = SenpaiBook;
		};
/* End PBXContainerItemProxy section */

/* Begin PBXFileReference section */
		8A0BC60B22C2572900314DB7 /* AnimeDetailOverlayText.swift */ = {isa = PBXFileReference; lastKnownFileType = sourcecode.swift; path = AnimeDetailOverlayText.swift; sourceTree = "<group>"; };
		8A0BC60F22C258EA00314DB7 /* SenpaiHeaderView.swift */ = {isa = PBXFileReference; lastKnownFileType = sourcecode.swift; path = SenpaiHeaderView.swift; sourceTree = "<group>"; };
		8A0BC61122C25A0B00314DB7 /* AnimeDetailEpisodeGuideView.swift */ = {isa = PBXFileReference; lastKnownFileType = sourcecode.swift; path = AnimeDetailEpisodeGuideView.swift; sourceTree = "<group>"; };
		8A0BC61322C25D8F00314DB7 /* AnimeDetailDescriptionView.swift */ = {isa = PBXFileReference; lastKnownFileType = sourcecode.swift; path = AnimeDetailDescriptionView.swift; sourceTree = "<group>"; };
		8A1EC53B22CC5AC3007F9E3F /* Apollo.xcodeproj */ = {isa = PBXFileReference; lastKnownFileType = "wrapper.pb-project"; name = Apollo.xcodeproj; path = "apollo-ios/Apollo.xcodeproj"; sourceTree = "<group>"; };
		8A1EC57522CDB457007F9E3F /* schema.json */ = {isa = PBXFileReference; fileEncoding = 4; lastKnownFileType = text.json; name = schema.json; path = SenpaiBook/schema.json; sourceTree = SOURCE_ROOT; };
		8A1EC57722CDB49A007F9E3F /* API.swift */ = {isa = PBXFileReference; fileEncoding = 4; lastKnownFileType = sourcecode.swift; name = API.swift; path = SenpaiBook/API.swift; sourceTree = SOURCE_ROOT; };
		8A1EC57922CDB4B7007F9E3F /* FetchAnimeDetail.graphql */ = {isa = PBXFileReference; lastKnownFileType = text; path = FetchAnimeDetail.graphql; sourceTree = "<group>"; };
		8A28E05C22C2EB4400068E1A /* Kanit-SemiBold.ttf */ = {isa = PBXFileReference; lastKnownFileType = file; path = "Kanit-SemiBold.ttf"; sourceTree = "<group>"; };
		8A28E05D22C2EB4400068E1A /* Kanit-Thin.ttf */ = {isa = PBXFileReference; lastKnownFileType = file; path = "Kanit-Thin.ttf"; sourceTree = "<group>"; };
		8A28E05E22C2EB4400068E1A /* Kanit-Black.ttf */ = {isa = PBXFileReference; lastKnownFileType = file; path = "Kanit-Black.ttf"; sourceTree = "<group>"; };
		8A28E05F22C2EB4400068E1A /* Kanit-ExtraBold.ttf */ = {isa = PBXFileReference; lastKnownFileType = file; path = "Kanit-ExtraBold.ttf"; sourceTree = "<group>"; };
		8A28E06022C2EB4400068E1A /* Kanit-ExtraLight.ttf */ = {isa = PBXFileReference; lastKnownFileType = file; path = "Kanit-ExtraLight.ttf"; sourceTree = "<group>"; };
		8A28E06122C2EB4400068E1A /* Kanit-Light.ttf */ = {isa = PBXFileReference; lastKnownFileType = file; path = "Kanit-Light.ttf"; sourceTree = "<group>"; };
		8A28E06222C2EB4400068E1A /* Kanit-Bold.ttf */ = {isa = PBXFileReference; lastKnownFileType = file; path = "Kanit-Bold.ttf"; sourceTree = "<group>"; };
		8A28E06322C2EB4400068E1A /* Kanit-Regular.ttf */ = {isa = PBXFileReference; lastKnownFileType = file; path = "Kanit-Regular.ttf"; sourceTree = "<group>"; };
		8A28E06422C2EB4400068E1A /* Kanit-Medium.ttf */ = {isa = PBXFileReference; lastKnownFileType = file; path = "Kanit-Medium.ttf"; sourceTree = "<group>"; };
		8A28E06E22C2F62D00068E1A /* AnimeDetailRelatedView.swift */ = {isa = PBXFileReference; lastKnownFileType = sourcecode.swift; path = AnimeDetailRelatedView.swift; sourceTree = "<group>"; };
		8A28E07422C30CD200068E1A /* SenpaiColorSpec.swift */ = {isa = PBXFileReference; lastKnownFileType = sourcecode.swift; path = SenpaiColorSpec.swift; sourceTree = "<group>"; };
		8A40E54922C1CE6700456AD1 /* SenpaiBook.app */ = {isa = PBXFileReference; explicitFileType = wrapper.application; includeInIndex = 0; path = SenpaiBook.app; sourceTree = BUILT_PRODUCTS_DIR; };
		8A40E54C22C1CE6700456AD1 /* AppDelegate.swift */ = {isa = PBXFileReference; lastKnownFileType = sourcecode.swift; path = AppDelegate.swift; sourceTree = "<group>"; };
		8A40E54E22C1CE6700456AD1 /* SceneDelegate.swift */ = {isa = PBXFileReference; lastKnownFileType = sourcecode.swift; path = SceneDelegate.swift; sourceTree = "<group>"; };
		8A40E55022C1CE6700456AD1 /* ContentView.swift */ = {isa = PBXFileReference; lastKnownFileType = sourcecode.swift; path = ContentView.swift; sourceTree = "<group>"; };
		8A40E55222C1CE6900456AD1 /* Assets.xcassets */ = {isa = PBXFileReference; lastKnownFileType = folder.assetcatalog; path = Assets.xcassets; sourceTree = "<group>"; };
		8A40E55522C1CE6900456AD1 /* Preview Assets.xcassets */ = {isa = PBXFileReference; lastKnownFileType = folder.assetcatalog; path = "Preview Assets.xcassets"; sourceTree = "<group>"; };
		8A40E55822C1CE6900456AD1 /* Base */ = {isa = PBXFileReference; lastKnownFileType = file.storyboard; name = Base; path = Base.lproj/LaunchScreen.storyboard; sourceTree = "<group>"; };
		8A40E55A22C1CE6900456AD1 /* Info.plist */ = {isa = PBXFileReference; lastKnownFileType = text.plist.xml; path = Info.plist; sourceTree = "<group>"; };
		8A40E55F22C1CE6900456AD1 /* SenpaiBookTests.xctest */ = {isa = PBXFileReference; explicitFileType = wrapper.cfbundle; includeInIndex = 0; path = SenpaiBookTests.xctest; sourceTree = BUILT_PRODUCTS_DIR; };
		8A40E56522C1CE6900456AD1 /* Info.plist */ = {isa = PBXFileReference; lastKnownFileType = text.plist.xml; path = Info.plist; sourceTree = "<group>"; };
		8A40E57D22C1CEAD00456AD1 /* SenpaiColor.swift */ = {isa = PBXFileReference; lastKnownFileType = sourcecode.swift; path = SenpaiColor.swift; sourceTree = "<group>"; };
		8A40E58022C1CEE300456AD1 /* SenpaiFont.swift */ = {isa = PBXFileReference; lastKnownFileType = sourcecode.swift; path = SenpaiFont.swift; sourceTree = "<group>"; };
		8A40E58722C2535500456AD1 /* AnimeDetailView.swift */ = {isa = PBXFileReference; lastKnownFileType = sourcecode.swift; path = AnimeDetailView.swift; sourceTree = "<group>"; };
		8A40E58922C2568500456AD1 /* AnimeDetailBannerView.swift */ = {isa = PBXFileReference; lastKnownFileType = sourcecode.swift; path = AnimeDetailBannerView.swift; sourceTree = "<group>"; };
		8FE745DA22CE6E13009BB9FD /* AnimeDetailViewModel.swift */ = {isa = PBXFileReference; lastKnownFileType = sourcecode.swift; path = AnimeDetailViewModel.swift; sourceTree = "<group>"; };
/* End PBXFileReference section */

/* Begin PBXFrameworksBuildPhase section */
		8A40E54622C1CE6700456AD1 /* Frameworks */ = {
			isa = PBXFrameworksBuildPhase;
			buildActionMask = 2147483647;
			files = (
				8A1EC55A22CC5F35007F9E3F /* Apollo.framework in Frameworks */,
			);
			runOnlyForDeploymentPostprocessing = 0;
		};
		8A40E55C22C1CE6900456AD1 /* Frameworks */ = {
			isa = PBXFrameworksBuildPhase;
			buildActionMask = 2147483647;
			files = (
				8A28E07222C30C9300068E1A /* Quick in Frameworks */,
				8A28E07822C30DEF00068E1A /* Nimble in Frameworks */,
			);
			runOnlyForDeploymentPostprocessing = 0;
		};
/* End PBXFrameworksBuildPhase section */

/* Begin PBXGroup section */
		8A0BC60D22C2574500314DB7 /* AnimeDetail */ = {
			isa = PBXGroup;
			children = (
				8FE745D922CE5E18009BB9FD /* ViewModel */,
				8FE745D122CE5A73009BB9FD /* SubViews */,
				8A40E58722C2535500456AD1 /* AnimeDetailView.swift */,
			);
			path = AnimeDetail;
			sourceTree = "<group>";
		};
		8A0BC60E22C258B900314DB7 /* FixedViews */ = {
			isa = PBXGroup;
			children = (
				8A0BC60F22C258EA00314DB7 /* SenpaiHeaderView.swift */,
			);
			path = FixedViews;
			sourceTree = "<group>";
		};
		8A1EC53C22CC5AC3007F9E3F /* Products */ = {
			isa = PBXGroup;
			children = (
				8A1EC54722CC5AC3007F9E3F /* Apollo.framework */,
				8A1EC54922CC5AC3007F9E3F /* ApolloTests.xctest */,
				8A1EC54B22CC5AC3007F9E3F /* ApolloCacheDependentTests.xctest */,
				8A1EC54D22CC5AC3007F9E3F /* ApolloPerformanceTests.xctest */,
				8A1EC54F22CC5AC3007F9E3F /* StarWarsAPI.framework */,
				8A1EC55122CC5AC3007F9E3F /* GitHubAPI.framework */,
				8A1EC55322CC5AC3007F9E3F /* TestHost iOS.app */,
				8A1EC55522CC5AC3007F9E3F /* ApolloTestSupport.framework */,
			);
			name = Products;
			sourceTree = "<group>";
		};
		8A1EC55922CC5F35007F9E3F /* Frameworks */ = {
			isa = PBXGroup;
			children = (
			);
			name = Frameworks;
			sourceTree = "<group>";
		};
		8A1EC56D22CDB43F007F9E3F /* GraphQL */ = {
			isa = PBXGroup;
			children = (
				8A1EC57722CDB49A007F9E3F /* API.swift */,
				8A1EC57522CDB457007F9E3F /* schema.json */,
				8A1EC57922CDB4B7007F9E3F /* FetchAnimeDetail.graphql */,
			);
			path = GraphQL;
			sourceTree = "<group>";
		};
		8A28E05B22C2EAF200068E1A /* Kanit */ = {
			isa = PBXGroup;
			children = (
				8A28E05E22C2EB4400068E1A /* Kanit-Black.ttf */,
				8A28E06222C2EB4400068E1A /* Kanit-Bold.ttf */,
				8A28E05F22C2EB4400068E1A /* Kanit-ExtraBold.ttf */,
				8A28E06022C2EB4400068E1A /* Kanit-ExtraLight.ttf */,
				8A28E06122C2EB4400068E1A /* Kanit-Light.ttf */,
				8A28E06422C2EB4400068E1A /* Kanit-Medium.ttf */,
				8A28E06322C2EB4400068E1A /* Kanit-Regular.ttf */,
				8A28E05C22C2EB4400068E1A /* Kanit-SemiBold.ttf */,
				8A28E05D22C2EB4400068E1A /* Kanit-Thin.ttf */,
			);
			path = Kanit;
			sourceTree = "<group>";
		};
		8A28E07322C30CBE00068E1A /* Colors */ = {
			isa = PBXGroup;
			children = (
				8A28E07422C30CD200068E1A /* SenpaiColorSpec.swift */,
			);
			path = Colors;
			sourceTree = "<group>";
		};
		8A40E54022C1CE6700456AD1 = {
			isa = PBXGroup;
			children = (
				8A1EC53B22CC5AC3007F9E3F /* Apollo.xcodeproj */,
				8A40E54B22C1CE6700456AD1 /* SenpaiBook */,
				8A40E56222C1CE6900456AD1 /* SenpaiBookTests */,
				8A40E54A22C1CE6700456AD1 /* Products */,
				8A1EC55922CC5F35007F9E3F /* Frameworks */,
			);
			sourceTree = "<group>";
		};
		8A40E54A22C1CE6700456AD1 /* Products */ = {
			isa = PBXGroup;
			children = (
				8A40E54922C1CE6700456AD1 /* SenpaiBook.app */,
				8A40E55F22C1CE6900456AD1 /* SenpaiBookTests.xctest */,
			);
			name = Products;
			sourceTree = "<group>";
		};
		8A40E54B22C1CE6700456AD1 /* SenpaiBook */ = {
			isa = PBXGroup;
			children = (
				8F3692C02314979E00EF041D /* AppBase */,
				8F3692B82314976600EF041D /* Resources */,
				8A1EC56D22CDB43F007F9E3F /* GraphQL */,
				8A0BC60E22C258B900314DB7 /* FixedViews */,
				8A40E58622C252E900456AD1 /* Scenes */,
				8A40E55022C1CE6700456AD1 /* ContentView.swift */,
				8A40E55722C1CE6900456AD1 /* LaunchScreen.storyboard */,
				8A40E55A22C1CE6900456AD1 /* Info.plist */,
				8A40E55422C1CE6900456AD1 /* Preview Content */,
			);
			path = SenpaiBook;
			sourceTree = "<group>";
		};
		8A40E55422C1CE6900456AD1 /* Preview Content */ = {
			isa = PBXGroup;
			children = (
				8A40E55522C1CE6900456AD1 /* Preview Assets.xcassets */,
			);
			path = "Preview Content";
			sourceTree = "<group>";
		};
		8A40E56222C1CE6900456AD1 /* SenpaiBookTests */ = {
			isa = PBXGroup;
			children = (
				8A28E07322C30CBE00068E1A /* Colors */,
				8A40E56522C1CE6900456AD1 /* Info.plist */,
			);
			path = SenpaiBookTests;
			sourceTree = "<group>";
		};
		8A40E57C22C1CE9C00456AD1 /* Colors */ = {
			isa = PBXGroup;
			children = (
				8A40E57D22C1CEAD00456AD1 /* SenpaiColor.swift */,
			);
			path = Colors;
			sourceTree = "<group>";
		};
		8A40E57F22C1CECC00456AD1 /* Fonts */ = {
			isa = PBXGroup;
			children = (
				8A28E05B22C2EAF200068E1A /* Kanit */,
				8A40E58022C1CEE300456AD1 /* SenpaiFont.swift */,
			);
			path = Fonts;
			sourceTree = "<group>";
		};
		8A40E58622C252E900456AD1 /* Scenes */ = {
			isa = PBXGroup;
			children = (
				8A0BC60D22C2574500314DB7 /* AnimeDetail */,
			);
			path = Scenes;
			sourceTree = "<group>";
		};
		8F3692B82314976600EF041D /* Resources */ = {
			isa = PBXGroup;
			children = (
				8A40E55222C1CE6900456AD1 /* Assets.xcassets */,
				8A40E57F22C1CECC00456AD1 /* Fonts */,
				8A40E57C22C1CE9C00456AD1 /* Colors */,
			);
			path = Resources;
			sourceTree = "<group>";
		};
		8F3692C02314979E00EF041D /* AppBase */ = {
			isa = PBXGroup;
			children = (
				8A40E54C22C1CE6700456AD1 /* AppDelegate.swift */,
				8A40E54E22C1CE6700456AD1 /* SceneDelegate.swift */,
			);
			path = AppBase;
			sourceTree = "<group>";
		};
		8FE745D122CE5A73009BB9FD /* SubViews */ = {
			isa = PBXGroup;
			children = (
				8A40E58922C2568500456AD1 /* AnimeDetailBannerView.swift */,
				8A0BC60B22C2572900314DB7 /* AnimeDetailOverlayText.swift */,
				8A0BC61122C25A0B00314DB7 /* AnimeDetailEpisodeGuideView.swift */,
				8A0BC61322C25D8F00314DB7 /* AnimeDetailDescriptionView.swift */,
				8A28E06E22C2F62D00068E1A /* AnimeDetailRelatedView.swift */,
			);
			path = SubViews;
			sourceTree = "<group>";
		};
		8FE745D922CE5E18009BB9FD /* ViewModel */ = {
			isa = PBXGroup;
			children = (
				8FE745DA22CE6E13009BB9FD /* AnimeDetailViewModel.swift */,
			);
			path = ViewModel;
			sourceTree = "<group>";
		};
/* End PBXGroup section */

/* Begin PBXNativeTarget section */
		8A40E54822C1CE6700456AD1 /* SenpaiBook */ = {
			isa = PBXNativeTarget;
			buildConfigurationList = 8A40E57322C1CE6900456AD1 /* Build configuration list for PBXNativeTarget "SenpaiBook" */;
			buildPhases = (
				8A1EC55822CC5B01007F9E3F /* Generate Apollo GraphQL API */,
				8A40E54522C1CE6700456AD1 /* Sources */,
				8A40E54622C1CE6700456AD1 /* Frameworks */,
				8A40E54722C1CE6700456AD1 /* Resources */,
			);
			buildRules = (
			);
			dependencies = (
				8A1EC55722CC5AE4007F9E3F /* PBXTargetDependency */,
			);
			name = SenpaiBook;
			productName = SenpaiBook;
			productReference = 8A40E54922C1CE6700456AD1 /* SenpaiBook.app */;
			productType = "com.apple.product-type.application";
		};
		8A40E55E22C1CE6900456AD1 /* SenpaiBookTests */ = {
			isa = PBXNativeTarget;
			buildConfigurationList = 8A40E57622C1CE6900456AD1 /* Build configuration list for PBXNativeTarget "SenpaiBookTests" */;
			buildPhases = (
				8A40E55B22C1CE6900456AD1 /* Sources */,
				8A40E55C22C1CE6900456AD1 /* Frameworks */,
				8A40E55D22C1CE6900456AD1 /* Resources */,
			);
			buildRules = (
			);
			dependencies = (
				8A40E56122C1CE6900456AD1 /* PBXTargetDependency */,
			);
			name = SenpaiBookTests;
			packageProductDependencies = (
				8A28E07122C30C9300068E1A /* Quick */,
				8A28E07722C30DEF00068E1A /* Nimble */,
			);
			productName = SenpaiBookTests;
			productReference = 8A40E55F22C1CE6900456AD1 /* SenpaiBookTests.xctest */;
			productType = "com.apple.product-type.bundle.unit-test";
		};
/* End PBXNativeTarget section */

/* Begin PBXProject section */
		8A40E54122C1CE6700456AD1 /* Project object */ = {
			isa = PBXProject;
			attributes = {
				LastSwiftUpdateCheck = 1100;
				LastUpgradeCheck = 1100;
				ORGANIZATIONNAME = "Leonel Menezes";
				TargetAttributes = {
					8A40E54822C1CE6700456AD1 = {
						CreatedOnToolsVersion = 11.0;
					};
					8A40E55E22C1CE6900456AD1 = {
						CreatedOnToolsVersion = 11.0;
						TestTargetID = 8A40E54822C1CE6700456AD1;
					};
				};
			};
			buildConfigurationList = 8A40E54422C1CE6700456AD1 /* Build configuration list for PBXProject "SenpaiBook" */;
			compatibilityVersion = "Xcode 9.3";
			developmentRegion = en;
			hasScannedForEncodings = 0;
			knownRegions = (
				en,
				Base,
			);
			mainGroup = 8A40E54022C1CE6700456AD1;
			packageReferences = (
				8A28E07022C30C9300068E1A /* XCRemoteSwiftPackageReference "Quick" */,
				8A28E07622C30DEF00068E1A /* XCRemoteSwiftPackageReference "Nimble" */,
			);
			productRefGroup = 8A40E54A22C1CE6700456AD1 /* Products */;
			projectDirPath = "";
			projectReferences = (
				{
					ProductGroup = 8A1EC53C22CC5AC3007F9E3F /* Products */;
					ProjectRef = 8A1EC53B22CC5AC3007F9E3F /* Apollo.xcodeproj */;
				},
			);
			projectRoot = "";
			targets = (
				8A40E54822C1CE6700456AD1 /* SenpaiBook */,
				8A40E55E22C1CE6900456AD1 /* SenpaiBookTests */,
			);
		};
/* End PBXProject section */

/* Begin PBXReferenceProxy section */
		8A1EC54722CC5AC3007F9E3F /* Apollo.framework */ = {
			isa = PBXReferenceProxy;
			fileType = wrapper.framework;
			path = Apollo.framework;
			remoteRef = 8A1EC54622CC5AC3007F9E3F /* PBXContainerItemProxy */;
			sourceTree = BUILT_PRODUCTS_DIR;
		};
		8A1EC54922CC5AC3007F9E3F /* ApolloTests.xctest */ = {
			isa = PBXReferenceProxy;
			fileType = wrapper.cfbundle;
			path = ApolloTests.xctest;
			remoteRef = 8A1EC54822CC5AC3007F9E3F /* PBXContainerItemProxy */;
			sourceTree = BUILT_PRODUCTS_DIR;
		};
		8A1EC54B22CC5AC3007F9E3F /* ApolloCacheDependentTests.xctest */ = {
			isa = PBXReferenceProxy;
			fileType = wrapper.cfbundle;
			path = ApolloCacheDependentTests.xctest;
			remoteRef = 8A1EC54A22CC5AC3007F9E3F /* PBXContainerItemProxy */;
			sourceTree = BUILT_PRODUCTS_DIR;
		};
		8A1EC54D22CC5AC3007F9E3F /* ApolloPerformanceTests.xctest */ = {
			isa = PBXReferenceProxy;
			fileType = wrapper.cfbundle;
			path = ApolloPerformanceTests.xctest;
			remoteRef = 8A1EC54C22CC5AC3007F9E3F /* PBXContainerItemProxy */;
			sourceTree = BUILT_PRODUCTS_DIR;
		};
		8A1EC54F22CC5AC3007F9E3F /* StarWarsAPI.framework */ = {
			isa = PBXReferenceProxy;
			fileType = wrapper.framework;
			path = StarWarsAPI.framework;
			remoteRef = 8A1EC54E22CC5AC3007F9E3F /* PBXContainerItemProxy */;
			sourceTree = BUILT_PRODUCTS_DIR;
		};
		8A1EC55122CC5AC3007F9E3F /* GitHubAPI.framework */ = {
			isa = PBXReferenceProxy;
			fileType = wrapper.framework;
			path = GitHubAPI.framework;
			remoteRef = 8A1EC55022CC5AC3007F9E3F /* PBXContainerItemProxy */;
			sourceTree = BUILT_PRODUCTS_DIR;
		};
		8A1EC55322CC5AC3007F9E3F /* TestHost iOS.app */ = {
			isa = PBXReferenceProxy;
			fileType = wrapper.application;
			path = "TestHost iOS.app";
			remoteRef = 8A1EC55222CC5AC3007F9E3F /* PBXContainerItemProxy */;
			sourceTree = BUILT_PRODUCTS_DIR;
		};
		8A1EC55522CC5AC3007F9E3F /* ApolloTestSupport.framework */ = {
			isa = PBXReferenceProxy;
			fileType = wrapper.framework;
			path = ApolloTestSupport.framework;
			remoteRef = 8A1EC55422CC5AC3007F9E3F /* PBXContainerItemProxy */;
			sourceTree = BUILT_PRODUCTS_DIR;
		};
/* End PBXReferenceProxy section */

/* Begin PBXResourcesBuildPhase section */
		8A40E54722C1CE6700456AD1 /* Resources */ = {
			isa = PBXResourcesBuildPhase;
			buildActionMask = 2147483647;
			files = (
				8A28E06922C2EB4400068E1A /* Kanit-ExtraLight.ttf in Resources */,
				8A28E06822C2EB4400068E1A /* Kanit-ExtraBold.ttf in Resources */,
				8A40E55922C1CE6900456AD1 /* LaunchScreen.storyboard in Resources */,
				8A28E06B22C2EB4400068E1A /* Kanit-Bold.ttf in Resources */,
				8A40E55622C1CE6900456AD1 /* Preview Assets.xcassets in Resources */,
				8A28E06D22C2EB4400068E1A /* Kanit-Medium.ttf in Resources */,
				8A1EC57622CDB457007F9E3F /* schema.json in Resources */,
				8A40E55322C1CE6900456AD1 /* Assets.xcassets in Resources */,
				8A28E06722C2EB4400068E1A /* Kanit-Black.ttf in Resources */,
				8A28E06622C2EB4400068E1A /* Kanit-Thin.ttf in Resources */,
				8A28E06A22C2EB4400068E1A /* Kanit-Light.ttf in Resources */,
				8A28E06C22C2EB4400068E1A /* Kanit-Regular.ttf in Resources */,
				8A1EC57A22CDB4B7007F9E3F /* FetchAnimeDetail.graphql in Resources */,
				8A28E06522C2EB4400068E1A /* Kanit-SemiBold.ttf in Resources */,
			);
			runOnlyForDeploymentPostprocessing = 0;
		};
		8A40E55D22C1CE6900456AD1 /* Resources */ = {
			isa = PBXResourcesBuildPhase;
			buildActionMask = 2147483647;
			files = (
			);
			runOnlyForDeploymentPostprocessing = 0;
		};
/* End PBXResourcesBuildPhase section */

/* Begin PBXShellScriptBuildPhase section */
		8A1EC55822CC5B01007F9E3F /* Generate Apollo GraphQL API */ = {
			isa = PBXShellScriptBuildPhase;
			buildActionMask = 2147483647;
			files = (
			);
			inputFileListPaths = (
			);
			inputPaths = (
			);
			name = "Generate Apollo GraphQL API";
			outputFileListPaths = (
			);
			outputPaths = (
			);
			runOnlyForDeploymentPostprocessing = 0;
			shellPath = /bin/sh;
			shellScript = "APOLLO_FRAMEWORK_PATH=\"$(eval find $FRAMEWORK_SEARCH_PATHS -name \"Apollo.framework\" -maxdepth 1)\"\n\nif [ -z \"$APOLLO_FRAMEWORK_PATH\" ]; then\necho \"error: Couldn't find Apollo.framework in FRAMEWORK_SEARCH_PATHS; make sure to add the framework to your project.\"\nexit 1\nfi\n\ncd \"${SRCROOT}/${TARGET_NAME}\"\n$APOLLO_FRAMEWORK_PATH/check-and-run-apollo-cli.sh codegen:generate --queries=\"$(find . -name '*.graphql')\" --schema=schema.json API.swift\n";
		};
/* End PBXShellScriptBuildPhase section */

/* Begin PBXSourcesBuildPhase section */
		8A40E54522C1CE6700456AD1 /* Sources */ = {
			isa = PBXSourcesBuildPhase;
			buildActionMask = 2147483647;
			files = (
				8FE745DB22CE6E13009BB9FD /* AnimeDetailViewModel.swift in Sources */,
				8A40E54D22C1CE6700456AD1 /* AppDelegate.swift in Sources */,
				8A40E54F22C1CE6700456AD1 /* SceneDelegate.swift in Sources */,
				8A40E58822C2535500456AD1 /* AnimeDetailView.swift in Sources */,
				8A0BC61022C258EA00314DB7 /* SenpaiHeaderView.swift in Sources */,
				8A28E06F22C2F62D00068E1A /* AnimeDetailRelatedView.swift in Sources */,
				8A0BC60C22C2572900314DB7 /* AnimeDetailOverlayText.swift in Sources */,
				8A0BC61222C25A0B00314DB7 /* AnimeDetailEpisodeGuideView.swift in Sources */,
				8A40E55122C1CE6700456AD1 /* ContentView.swift in Sources */,
				8A1EC57822CDB49A007F9E3F /* API.swift in Sources */,
				8A0BC61422C25D8F00314DB7 /* AnimeDetailDescriptionView.swift in Sources */,
				8A40E57E22C1CEAD00456AD1 /* SenpaiColor.swift in Sources */,
				8A40E58A22C2568500456AD1 /* AnimeDetailBannerView.swift in Sources */,
				8A40E58122C1CEE300456AD1 /* SenpaiFont.swift in Sources */,
			);
			runOnlyForDeploymentPostprocessing = 0;
		};
		8A40E55B22C1CE6900456AD1 /* Sources */ = {
			isa = PBXSourcesBuildPhase;
			buildActionMask = 2147483647;
			files = (
				8A28E07522C30CD200068E1A /* SenpaiColorSpec.swift in Sources */,
			);
			runOnlyForDeploymentPostprocessing = 0;
		};
/* End PBXSourcesBuildPhase section */

/* Begin PBXTargetDependency section */
		8A1EC55722CC5AE4007F9E3F /* PBXTargetDependency */ = {
			isa = PBXTargetDependency;
			name = Apollo;
			targetProxy = 8A1EC55622CC5AE4007F9E3F /* PBXContainerItemProxy */;
		};
		8A40E56122C1CE6900456AD1 /* PBXTargetDependency */ = {
			isa = PBXTargetDependency;
			target = 8A40E54822C1CE6700456AD1 /* SenpaiBook */;
			targetProxy = 8A40E56022C1CE6900456AD1 /* PBXContainerItemProxy */;
		};
/* End PBXTargetDependency section */

/* Begin PBXVariantGroup section */
		8A40E55722C1CE6900456AD1 /* LaunchScreen.storyboard */ = {
			isa = PBXVariantGroup;
			children = (
				8A40E55822C1CE6900456AD1 /* Base */,
			);
			name = LaunchScreen.storyboard;
			sourceTree = "<group>";
		};
/* End PBXVariantGroup section */

/* Begin XCBuildConfiguration section */
		8A40E57122C1CE6900456AD1 /* Debug */ = {
			isa = XCBuildConfiguration;
			buildSettings = {
				ALWAYS_SEARCH_USER_PATHS = NO;
				CLANG_ANALYZER_NONNULL = YES;
				CLANG_ANALYZER_NUMBER_OBJECT_CONVERSION = YES_AGGRESSIVE;
				CLANG_CXX_LANGUAGE_STANDARD = "gnu++14";
				CLANG_CXX_LIBRARY = "libc++";
				CLANG_ENABLE_MODULES = YES;
				CLANG_ENABLE_OBJC_ARC = YES;
				CLANG_ENABLE_OBJC_WEAK = YES;
				CLANG_WARN_BLOCK_CAPTURE_AUTORELEASING = YES;
				CLANG_WARN_BOOL_CONVERSION = YES;
				CLANG_WARN_COMMA = YES;
				CLANG_WARN_CONSTANT_CONVERSION = YES;
				CLANG_WARN_DEPRECATED_OBJC_IMPLEMENTATIONS = YES;
				CLANG_WARN_DIRECT_OBJC_ISA_USAGE = YES_ERROR;
				CLANG_WARN_DOCUMENTATION_COMMENTS = YES;
				CLANG_WARN_EMPTY_BODY = YES;
				CLANG_WARN_ENUM_CONVERSION = YES;
				CLANG_WARN_INFINITE_RECURSION = YES;
				CLANG_WARN_INT_CONVERSION = YES;
				CLANG_WARN_NON_LITERAL_NULL_CONVERSION = YES;
				CLANG_WARN_OBJC_IMPLICIT_RETAIN_SELF = YES;
				CLANG_WARN_OBJC_LITERAL_CONVERSION = YES;
				CLANG_WARN_OBJC_ROOT_CLASS = YES_ERROR;
				CLANG_WARN_RANGE_LOOP_ANALYSIS = YES;
				CLANG_WARN_STRICT_PROTOTYPES = YES;
				CLANG_WARN_SUSPICIOUS_MOVE = YES;
				CLANG_WARN_UNGUARDED_AVAILABILITY = YES_AGGRESSIVE;
				CLANG_WARN_UNREACHABLE_CODE = YES;
				CLANG_WARN__DUPLICATE_METHOD_MATCH = YES;
				COPY_PHASE_STRIP = NO;
				DEBUG_INFORMATION_FORMAT = dwarf;
				ENABLE_STRICT_OBJC_MSGSEND = YES;
				ENABLE_TESTABILITY = YES;
				GCC_C_LANGUAGE_STANDARD = gnu11;
				GCC_DYNAMIC_NO_PIC = NO;
				GCC_NO_COMMON_BLOCKS = YES;
				GCC_OPTIMIZATION_LEVEL = 0;
				GCC_PREPROCESSOR_DEFINITIONS = (
					"DEBUG=1",
					"$(inherited)",
				);
				GCC_WARN_64_TO_32_BIT_CONVERSION = YES;
				GCC_WARN_ABOUT_RETURN_TYPE = YES_ERROR;
				GCC_WARN_UNDECLARED_SELECTOR = YES;
				GCC_WARN_UNINITIALIZED_AUTOS = YES_AGGRESSIVE;
				GCC_WARN_UNUSED_FUNCTION = YES;
				GCC_WARN_UNUSED_VARIABLE = YES;
				IPHONEOS_DEPLOYMENT_TARGET = 13.0;
				MTL_ENABLE_DEBUG_INFO = INCLUDE_SOURCE;
				MTL_FAST_MATH = YES;
				ONLY_ACTIVE_ARCH = YES;
				SDKROOT = iphoneos;
				SWIFT_ACTIVE_COMPILATION_CONDITIONS = DEBUG;
				SWIFT_OPTIMIZATION_LEVEL = "-Onone";
			};
			name = Debug;
		};
		8A40E57222C1CE6900456AD1 /* Release */ = {
			isa = XCBuildConfiguration;
			buildSettings = {
				ALWAYS_SEARCH_USER_PATHS = NO;
				CLANG_ANALYZER_NONNULL = YES;
				CLANG_ANALYZER_NUMBER_OBJECT_CONVERSION = YES_AGGRESSIVE;
				CLANG_CXX_LANGUAGE_STANDARD = "gnu++14";
				CLANG_CXX_LIBRARY = "libc++";
				CLANG_ENABLE_MODULES = YES;
				CLANG_ENABLE_OBJC_ARC = YES;
				CLANG_ENABLE_OBJC_WEAK = YES;
				CLANG_WARN_BLOCK_CAPTURE_AUTORELEASING = YES;
				CLANG_WARN_BOOL_CONVERSION = YES;
				CLANG_WARN_COMMA = YES;
				CLANG_WARN_CONSTANT_CONVERSION = YES;
				CLANG_WARN_DEPRECATED_OBJC_IMPLEMENTATIONS = YES;
				CLANG_WARN_DIRECT_OBJC_ISA_USAGE = YES_ERROR;
				CLANG_WARN_DOCUMENTATION_COMMENTS = YES;
				CLANG_WARN_EMPTY_BODY = YES;
				CLANG_WARN_ENUM_CONVERSION = YES;
				CLANG_WARN_INFINITE_RECURSION = YES;
				CLANG_WARN_INT_CONVERSION = YES;
				CLANG_WARN_NON_LITERAL_NULL_CONVERSION = YES;
				CLANG_WARN_OBJC_IMPLICIT_RETAIN_SELF = YES;
				CLANG_WARN_OBJC_LITERAL_CONVERSION = YES;
				CLANG_WARN_OBJC_ROOT_CLASS = YES_ERROR;
				CLANG_WARN_RANGE_LOOP_ANALYSIS = YES;
				CLANG_WARN_STRICT_PROTOTYPES = YES;
				CLANG_WARN_SUSPICIOUS_MOVE = YES;
				CLANG_WARN_UNGUARDED_AVAILABILITY = YES_AGGRESSIVE;
				CLANG_WARN_UNREACHABLE_CODE = YES;
				CLANG_WARN__DUPLICATE_METHOD_MATCH = YES;
				COPY_PHASE_STRIP = NO;
				DEBUG_INFORMATION_FORMAT = "dwarf-with-dsym";
				ENABLE_NS_ASSERTIONS = NO;
				ENABLE_STRICT_OBJC_MSGSEND = YES;
				GCC_C_LANGUAGE_STANDARD = gnu11;
				GCC_NO_COMMON_BLOCKS = YES;
				GCC_WARN_64_TO_32_BIT_CONVERSION = YES;
				GCC_WARN_ABOUT_RETURN_TYPE = YES_ERROR;
				GCC_WARN_UNDECLARED_SELECTOR = YES;
				GCC_WARN_UNINITIALIZED_AUTOS = YES_AGGRESSIVE;
				GCC_WARN_UNUSED_FUNCTION = YES;
				GCC_WARN_UNUSED_VARIABLE = YES;
				IPHONEOS_DEPLOYMENT_TARGET = 13.0;
				MTL_ENABLE_DEBUG_INFO = NO;
				MTL_FAST_MATH = YES;
				SDKROOT = iphoneos;
				SWIFT_COMPILATION_MODE = wholemodule;
				SWIFT_OPTIMIZATION_LEVEL = "-O";
				VALIDATE_PRODUCT = YES;
			};
			name = Release;
		};
		8A40E57422C1CE6900456AD1 /* Debug */ = {
			isa = XCBuildConfiguration;
			buildSettings = {
				ASSETCATALOG_COMPILER_APPICON_NAME = AppIcon;
				CODE_SIGN_STYLE = Automatic;
				DEVELOPMENT_ASSET_PATHS = "SenpaiBook/Preview\\ Content";
				ENABLE_PREVIEWS = YES;
				INFOPLIST_FILE = SenpaiBook/Info.plist;
				LD_RUNPATH_SEARCH_PATHS = (
					"$(inherited)",
					"@executable_path/Frameworks",
				);
				PRODUCT_BUNDLE_IDENTIFIER = com.leonellima.SenpaiBook;
				PRODUCT_NAME = "$(TARGET_NAME)";
				SWIFT_VERSION = 5.0;
				TARGETED_DEVICE_FAMILY = "1,2";
			};
			name = Debug;
		};
		8A40E57522C1CE6900456AD1 /* Release */ = {
			isa = XCBuildConfiguration;
			buildSettings = {
				ASSETCATALOG_COMPILER_APPICON_NAME = AppIcon;
				CODE_SIGN_STYLE = Automatic;
				DEVELOPMENT_ASSET_PATHS = "SenpaiBook/Preview\\ Content";
				ENABLE_PREVIEWS = YES;
				INFOPLIST_FILE = SenpaiBook/Info.plist;
				LD_RUNPATH_SEARCH_PATHS = (
					"$(inherited)",
					"@executable_path/Frameworks",
				);
				PRODUCT_BUNDLE_IDENTIFIER = com.leonellima.SenpaiBook;
				PRODUCT_NAME = "$(TARGET_NAME)";
				SWIFT_VERSION = 5.0;
				TARGETED_DEVICE_FAMILY = "1,2";
			};
			name = Release;
		};
		8A40E57722C1CE6900456AD1 /* Debug */ = {
			isa = XCBuildConfiguration;
			buildSettings = {
				ALWAYS_EMBED_SWIFT_STANDARD_LIBRARIES = YES;
				BUNDLE_LOADER = "$(TEST_HOST)";
				CODE_SIGN_STYLE = Automatic;
				INFOPLIST_FILE = SenpaiBookTests/Info.plist;
				LD_RUNPATH_SEARCH_PATHS = (
					"$(inherited)",
					"@executable_path/Frameworks",
					"@loader_path/Frameworks",
				);
				PRODUCT_BUNDLE_IDENTIFIER = com.leonellima.SenpaiBookTests;
				PRODUCT_NAME = "$(TARGET_NAME)";
				SWIFT_VERSION = 5.0;
				TARGETED_DEVICE_FAMILY = "1,2";
				TEST_HOST = "$(BUILT_PRODUCTS_DIR)/SenpaiBook.app/SenpaiBook";
			};
			name = Debug;
		};
		8A40E57822C1CE6900456AD1 /* Release */ = {
			isa = XCBuildConfiguration;
			buildSettings = {
				ALWAYS_EMBED_SWIFT_STANDARD_LIBRARIES = YES;
				BUNDLE_LOADER = "$(TEST_HOST)";
				CODE_SIGN_STYLE = Automatic;
				INFOPLIST_FILE = SenpaiBookTests/Info.plist;
				LD_RUNPATH_SEARCH_PATHS = (
					"$(inherited)",
					"@executable_path/Frameworks",
					"@loader_path/Frameworks",
				);
				PRODUCT_BUNDLE_IDENTIFIER = com.leonellima.SenpaiBookTests;
				PRODUCT_NAME = "$(TARGET_NAME)";
				SWIFT_VERSION = 5.0;
				TARGETED_DEVICE_FAMILY = "1,2";
				TEST_HOST = "$(BUILT_PRODUCTS_DIR)/SenpaiBook.app/SenpaiBook";
			};
			name = Release;
		};
/* End XCBuildConfiguration section */

/* Begin XCConfigurationList section */
		8A40E54422C1CE6700456AD1 /* Build configuration list for PBXProject "SenpaiBook" */ = {
			isa = XCConfigurationList;
			buildConfigurations = (
				8A40E57122C1CE6900456AD1 /* Debug */,
				8A40E57222C1CE6900456AD1 /* Release */,
			);
			defaultConfigurationIsVisible = 0;
			defaultConfigurationName = Release;
		};
		8A40E57322C1CE6900456AD1 /* Build configuration list for PBXNativeTarget "SenpaiBook" */ = {
			isa = XCConfigurationList;
			buildConfigurations = (
				8A40E57422C1CE6900456AD1 /* Debug */,
				8A40E57522C1CE6900456AD1 /* Release */,
			);
			defaultConfigurationIsVisible = 0;
			defaultConfigurationName = Release;
		};
		8A40E57622C1CE6900456AD1 /* Build configuration list for PBXNativeTarget "SenpaiBookTests" */ = {
			isa = XCConfigurationList;
			buildConfigurations = (
				8A40E57722C1CE6900456AD1 /* Debug */,
				8A40E57822C1CE6900456AD1 /* Release */,
			);
			defaultConfigurationIsVisible = 0;
			defaultConfigurationName = Release;
		};
/* End XCConfigurationList section */

/* Begin XCRemoteSwiftPackageReference section */
		8A28E07022C30C9300068E1A /* XCRemoteSwiftPackageReference "Quick" */ = {
			isa = XCRemoteSwiftPackageReference;
			repositoryURL = "https://github.com/Quick/Quick.git";
			requirement = {
				kind = upToNextMajorVersion;
				minimumVersion = 2.1.0;
			};
		};
		8A28E07622C30DEF00068E1A /* XCRemoteSwiftPackageReference "Nimble" */ = {
			isa = XCRemoteSwiftPackageReference;
			repositoryURL = "https://github.com/Quick/Nimble.git";
			requirement = {
				kind = upToNextMajorVersion;
				minimumVersion = 8.0.2;
			};
		};
/* End XCRemoteSwiftPackageReference section */

/* Begin XCSwiftPackageProductDependency section */
		8A28E07122C30C9300068E1A /* Quick */ = {
			isa = XCSwiftPackageProductDependency;
			package = 8A28E07022C30C9300068E1A /* XCRemoteSwiftPackageReference "Quick" */;
			productName = Quick;
		};
		8A28E07722C30DEF00068E1A /* Nimble */ = {
			isa = XCSwiftPackageProductDependency;
			package = 8A28E07622C30DEF00068E1A /* XCRemoteSwiftPackageReference "Nimble" */;
			productName = Nimble;
		};
/* End XCSwiftPackageProductDependency section */
	};
	rootObject = 8A40E54122C1CE6700456AD1 /* Project object */;
}
